<Solution>
  <Folder Name="/Tests/">
    <Project Path="Tests/EasyPOS.Tests.csproj" />
  </Folder>
  <Project Path="Application/Application.csproj" />
  <Project Path="Domain/Domain.csproj" />
  <Project Path="Infrastructure/Infrastructure.csproj" />
  <Project Path="Web.API/Web.API.csproj" />
</Solution>
